
Microsoft Visual Studio Solution File, Format Version 12.00
# Visual Studio 2013
VisualStudioVersion = 12.0.30501.0
MinimumVisualStudioVersion = 10.0.40219.1
Project("{8BC9CEB8-8B4A-11D0-8D11-00A0C91BC942}") = "Cutter", "VisualStudio\Cutter.vcxproj", "{D24A5EDF-A7AF-41AF-9A6F-96D371813D8C}"
	ProjectSection(ProjectDependencies) = postProject
		{CDB774A6-D6FF-4823-B88A-B18B19E2EAF9} = {CDB774A6-D6FF-4823-B88A-B18B19E2EAF9}
	EndProjectSection
EndProject
Project("{2150E333-8FDC-42A3-9474-1A3956D46DE8}") = "3rdPartyLibraries", "3rdPartyLibraries", "{B49413CA-8F7B-42D7-B7A6-88FE4FADEFC2}"
EndProject
Project("{8BC9CEB8-8B4A-11D0-8D11-00A0C91BC942}") = "CopyLibraries", "VisualStudio\CopyLibraries.vcxproj", "{CDB774A6-D6FF-4823-B88A-B18B19E2EAF9}"
EndProject
Global
	GlobalSection(SolutionConfigurationPlatforms) = preSolution
		Debug|Win32 = Debug|Win32
		Release|Win32 = Release|Win32
	EndGlobalSection
	GlobalSection(ProjectConfigurationPlatforms) = postSolution
		{D24A5EDF-A7AF-41AF-9A6F-96D371813D8C}.Debug|Win32.ActiveCfg = Debug|Win32
		{D24A5EDF-A7AF-41AF-9A6F-96D371813D8C}.Debug|Win32.Build.0 = Debug|Win32
		{D24A5EDF-A7AF-41AF-9A6F-96D371813D8C}.Release|Win32.ActiveCfg = Release|Win32
		{D24A5EDF-A7AF-41AF-9A6F-96D371813D8C}.Release|Win32.Build.0 = Release|Win32
		{CDB774A6-D6FF-4823-B88A-B18B19E2EAF9}.Debug|Win32.ActiveCfg = Debug|Win32
		{CDB774A6-D6FF-4823-B88A-B18B19E2EAF9}.Debug|Win32.Build.0 = Debug|Win32
		{CDB774A6-D6FF-4823-B88A-B18B19E2EAF9}.Release|Win32.ActiveCfg = Release|Win32
		{CDB774A6-D6FF-4823-B88A-B18B19E2EAF9}.Release|Win32.Build.0 = Release|Win32
	EndGlobalSection
	GlobalSection(SolutionProperties) = preSolution
		HideSolutionNode = FALSE
	EndGlobalSection
	GlobalSection(NestedProjects) = preSolution
		{CDB774A6-D6FF-4823-B88A-B18B19E2EAF9} = {B49413CA-8F7B-42D7-B7A6-88FE4FADEFC2}
	EndGlobalSection
EndGlobal
